
Microsoft Visual Studio Solution File, Format Version 12.00
# Visual Studio Version 17
VisualStudioVersion = 17.8.34330.188
MinimumVisualStudioVersion = 10.0.40219.1
Project("{FAE04EC0-301F-11D3-BF4B-00C04F79EFBC}") = "ODEV.9", "ODEV.9\ODEV.9.csproj", "{49A74078-8EC1-4C94-9B98-5A6AD71D78BF}"
EndProject
Global
	GlobalSection(SolutionConfigurationPlatforms) = preSolution
		Debug|Any CPU = Debug|Any CPU
		Release|Any CPU = Release|Any CPU
	EndGlobalSection
	GlobalSection(ProjectConfigurationPlatforms) = postSolution
		{49A74078-8EC1-4C94-9B98-5A6AD71D78BF}.Debug|Any CPU.ActiveCfg = Debug|Any CPU
		{49A74078-8EC1-4C94-9B98-5A6AD71D78BF}.Debug|Any CPU.Build.0 = Debug|Any CPU
		{49A74078-8EC1-4C94-9B98-5A6AD71D78BF}.Release|Any CPU.ActiveCfg = Release|Any CPU
		{49A74078-8EC1-4C94-9B98-5A6AD71D78BF}.Release|Any CPU.Build.0 = Release|Any CPU
	EndGlobalSection
	GlobalSection(SolutionProperties) = preSolution
		HideSolutionNode = FALSE
	EndGlobalSection
	GlobalSection(ExtensibilityGlobals) = postSolution
		SolutionGuid = {E0DF909E-D9C2-46B0-92D6-C9F2680DEBA8}
	EndGlobalSection
EndGlobal
